
Microsoft Visual Studio Solution File, Format Version 12.00
# Visual Studio Version 16
VisualStudioVersion = 16.0.30517.126
MinimumVisualStudioVersion = 10.0.40219.1
Project("{FAE04EC0-301F-11D3-BF4B-00C04F79EFBC}") = "2", "2.csproj", "{FC7B4FF8-EC7A-42FA-AF6A-2AEA46DBE4B5}"
EndProject
Global
	GlobalSection(SolutionConfigurationPlatforms) = preSolution
		Debug|Any CPU = Debug|Any CPU
		Release|Any CPU = Release|Any CPU
	EndGlobalSection
	GlobalSection(ProjectConfigurationPlatforms) = postSolution
		{FC7B4FF8-EC7A-42FA-AF6A-2AEA46DBE4B5}.Debug|Any CPU.ActiveCfg = Debug|Any CPU
		{FC7B4FF8-EC7A-42FA-AF6A-2AEA46DBE4B5}.Debug|Any CPU.Build.0 = Debug|Any CPU
		{FC7B4FF8-EC7A-42FA-AF6A-2AEA46DBE4B5}.Release|Any CPU.ActiveCfg = Release|Any CPU
		{FC7B4FF8-EC7A-42FA-AF6A-2AEA46DBE4B5}.Release|Any CPU.Build.0 = Release|Any CPU
	EndGlobalSection
	GlobalSection(SolutionProperties) = preSolution
		HideSolutionNode = FALSE
	EndGlobalSection
	GlobalSection(ExtensibilityGlobals) = postSolution
		SolutionGuid = {41F36547-D611-44F6-B880-8EB4A843574C}
	EndGlobalSection
EndGlobal
